// !$*UTF8*$!
{
	archiveVersion = 1;
	classes = {
	};
	objectVersion = 56;
	objects = {

/* Begin PBXBuildFile section */
		3CA779CF2A25D8D800DBD59D /* DataBaseManager.swift in Sources */ = {isa = PBXBuildFile; fileRef = 3CA779CE2A25D8D800DBD59D /* DataBaseManager.swift */; };
		3CABAA662A24EB7D005F51B8 /* GoogleService-Info.plist in Resources */ = {isa = PBXBuildFile; fileRef = 3CABAA652A24EB7D005F51B8 /* GoogleService-Info.plist */; };
		3CB369112A24904900FFE6D2 /* AppDelegate.swift in Sources */ = {isa = PBXBuildFile; fileRef = 3CB369102A24904900FFE6D2 /* AppDelegate.swift */; };
		3CB369132A24904900FFE6D2 /* SceneDelegate.swift in Sources */ = {isa = PBXBuildFile; fileRef = 3CB369122A24904900FFE6D2 /* SceneDelegate.swift */; };
		3CB369152A24904900FFE6D2 /* ConversationViewController.swift in Sources */ = {isa = PBXBuildFile; fileRef = 3CB369142A24904900FFE6D2 /* ConversationViewController.swift */; };
		3CB369182A24904900FFE6D2 /* Main.storyboard in Resources */ = {isa = PBXBuildFile; fileRef = 3CB369162A24904900FFE6D2 /* Main.storyboard */; };
		3CB3691A2A24905100FFE6D2 /* Assets.xcassets in Resources */ = {isa = PBXBuildFile; fileRef = 3CB369192A24905100FFE6D2 /* Assets.xcassets */; };
		3CB3691D2A24905100FFE6D2 /* LaunchScreen.storyboard in Resources */ = {isa = PBXBuildFile; fileRef = 3CB3691B2A24905100FFE6D2 /* LaunchScreen.storyboard */; };
		3CB369282A24905200FFE6D2 /* MessengerTests.swift in Sources */ = {isa = PBXBuildFile; fileRef = 3CB369272A24905200FFE6D2 /* MessengerTests.swift */; };
		3CB369322A24905200FFE6D2 /* MessengerUITests.swift in Sources */ = {isa = PBXBuildFile; fileRef = 3CB369312A24905200FFE6D2 /* MessengerUITests.swift */; };
		3CB369342A24905300FFE6D2 /* MessengerUITestsLaunchTests.swift in Sources */ = {isa = PBXBuildFile; fileRef = 3CB369332A24905300FFE6D2 /* MessengerUITestsLaunchTests.swift */; };
		3CB369462A2498C600FFE6D2 /* LoginViewController.swift in Sources */ = {isa = PBXBuildFile; fileRef = 3CB369452A2498C600FFE6D2 /* LoginViewController.swift */; };
		3CB369482A2498D500FFE6D2 /* RegisterViewController.swift in Sources */ = {isa = PBXBuildFile; fileRef = 3CB369472A2498D500FFE6D2 /* RegisterViewController.swift */; };
		3CB3694A2A2498F900FFE6D2 /* PhotoViewerViewController.swift in Sources */ = {isa = PBXBuildFile; fileRef = 3CB369492A2498F900FFE6D2 /* PhotoViewerViewController.swift */; };
		3CB3694C2A24991200FFE6D2 /* VideoPlayerViewController.swift in Sources */ = {isa = PBXBuildFile; fileRef = 3CB3694B2A24991200FFE6D2 /* VideoPlayerViewController.swift */; };
		3CB3694E2A24993700FFE6D2 /* NewConversationViewController.swift in Sources */ = {isa = PBXBuildFile; fileRef = 3CB3694D2A24993700FFE6D2 /* NewConversationViewController.swift */; };
		3CB369502A2499B100FFE6D2 /* ProfileViewController.swift in Sources */ = {isa = PBXBuildFile; fileRef = 3CB3694F2A2499B100FFE6D2 /* ProfileViewController.swift */; };
		3CB369532A249E0B00FFE6D2 /* UserPreferences.swift in Sources */ = {isa = PBXBuildFile; fileRef = 3CB369522A249E0B00FFE6D2 /* UserPreferences.swift */; };
		3CB369552A249E2500FFE6D2 /* ConstantEnums.swift in Sources */ = {isa = PBXBuildFile; fileRef = 3CB369542A249E2400FFE6D2 /* ConstantEnums.swift */; };
		3CB369572A24AD5700FFE6D2 /* Extensions.swift in Sources */ = {isa = PBXBuildFile; fileRef = 3CB369562A24AD5700FFE6D2 /* Extensions.swift */; };
		3CB369592A24B56B00FFE6D2 /* Utility.swift in Sources */ = {isa = PBXBuildFile; fileRef = 3CB369582A24B56B00FFE6D2 /* Utility.swift */; };
		3CB369702A24B61E00FFE6D2 /* SyncedColors.plist in Resources */ = {isa = PBXBuildFile; fileRef = 3CB3695B2A24B61D00FFE6D2 /* SyncedColors.plist */; };
		3CB369712A24B61E00FFE6D2 /* SyncedConstants.plist in Resources */ = {isa = PBXBuildFile; fileRef = 3CB3695C2A24B61D00FFE6D2 /* SyncedConstants.plist */; };
		3CB369722A24B61E00FFE6D2 /* SyncedFontStyles.plist in Resources */ = {isa = PBXBuildFile; fileRef = 3CB3695D2A24B61D00FFE6D2 /* SyncedFontStyles.plist */; };
		3CB369732A24B61E00FFE6D2 /* SyncedText.plist in Resources */ = {isa = PBXBuildFile; fileRef = 3CB3695E2A24B61D00FFE6D2 /* SyncedText.plist */; };
		3CB369742A24B61E00FFE6D2 /* SFUIText-Medium.ttf in Resources */ = {isa = PBXBuildFile; fileRef = 3CB369602A24B61E00FFE6D2 /* SFUIText-Medium.ttf */; };
		3CB369752A24B61E00FFE6D2 /* HolidayFree.otf in Resources */ = {isa = PBXBuildFile; fileRef = 3CB369612A24B61E00FFE6D2 /* HolidayFree.otf */; };
		3CB369762A24B61E00FFE6D2 /* SFUIText-Regular.ttf in Resources */ = {isa = PBXBuildFile; fileRef = 3CB369622A24B61E00FFE6D2 /* SFUIText-Regular.ttf */; };
		3CB369772A24B61E00FFE6D2 /* SFUIText-Heavy.ttf in Resources */ = {isa = PBXBuildFile; fileRef = 3CB369632A24B61E00FFE6D2 /* SFUIText-Heavy.ttf */; };
		3CB369782A24B61E00FFE6D2 /* SFUIText-Bold.ttf in Resources */ = {isa = PBXBuildFile; fileRef = 3CB369642A24B61E00FFE6D2 /* SFUIText-Bold.ttf */; };
		3CB369792A24B61E00FFE6D2 /* SFUIText-Light.ttf in Resources */ = {isa = PBXBuildFile; fileRef = 3CB369652A24B61E00FFE6D2 /* SFUIText-Light.ttf */; };
		3CB3697A2A24B61E00FFE6D2 /* SFUIText-Semibold.ttf in Resources */ = {isa = PBXBuildFile; fileRef = 3CB369662A24B61E00FFE6D2 /* SFUIText-Semibold.ttf */; };
		3CB3697B2A24B61E00FFE6D2 /* AvenirLTStd-Black.otf in Resources */ = {isa = PBXBuildFile; fileRef = 3CB369672A24B61E00FFE6D2 /* AvenirLTStd-Black.otf */; };
		3CB3697C2A24B61E00FFE6D2 /* AvenirLTStd-Book.otf in Resources */ = {isa = PBXBuildFile; fileRef = 3CB369682A24B61E00FFE6D2 /* AvenirLTStd-Book.otf */; };
		3CB3697D2A24B61E00FFE6D2 /* SFUIText-LightItalic.ttf in Resources */ = {isa = PBXBuildFile; fileRef = 3CB369692A24B61E00FFE6D2 /* SFUIText-LightItalic.ttf */; };
		3CB3697E2A24B61E00FFE6D2 /* SFUIText-BoldItalic.ttf in Resources */ = {isa = PBXBuildFile; fileRef = 3CB3696A2A24B61E00FFE6D2 /* SFUIText-BoldItalic.ttf */; };
		3CB3697F2A24B61E00FFE6D2 /* SFUIText-MediumItalic.ttf in Resources */ = {isa = PBXBuildFile; fileRef = 3CB3696B2A24B61E00FFE6D2 /* SFUIText-MediumItalic.ttf */; };
		3CB369802A24B61E00FFE6D2 /* SFUIText-SemiboldItalic.ttf in Resources */ = {isa = PBXBuildFile; fileRef = 3CB3696C2A24B61E00FFE6D2 /* SFUIText-SemiboldItalic.ttf */; };
		3CB369812A24B61E00FFE6D2 /* SFUIText-HeavyItalic.ttf in Resources */ = {isa = PBXBuildFile; fileRef = 3CB3696D2A24B61E00FFE6D2 /* SFUIText-HeavyItalic.ttf */; };
		3CB369822A24B61E00FFE6D2 /* AvenirLTStd-Roman.otf in Resources */ = {isa = PBXBuildFile; fileRef = 3CB3696E2A24B61E00FFE6D2 /* AvenirLTStd-Roman.otf */; };
		3CB369832A24B61E00FFE6D2 /* SFUIText-RegularItalic.ttf in Resources */ = {isa = PBXBuildFile; fileRef = 3CB3696F2A24B61E00FFE6D2 /* SFUIText-RegularItalic.ttf */; };
		6101DB6F2970D792CFB9E3A2 /* Pods_MessengerTests.framework in Frameworks */ = {isa = PBXBuildFile; fileRef = 807A49C84A9CAAF190242318 /* Pods_MessengerTests.framework */; };
		611DE52FEC4445C6B5946CAB /* Pods_Messenger_MessengerUITests.framework in Frameworks */ = {isa = PBXBuildFile; fileRef = 5D446C933755BE6ED9FD5CB5 /* Pods_Messenger_MessengerUITests.framework */; };
		EFEF465C98B678FEF65FC244 /* Pods_Messenger.framework in Frameworks */ = {isa = PBXBuildFile; fileRef = A7E8051B354C2351995BEE7D /* Pods_Messenger.framework */; };
/* End PBXBuildFile section */

/* Begin PBXContainerItemProxy section */
		3CB369242A24905200FFE6D2 /* PBXContainerItemProxy */ = {
			isa = PBXContainerItemProxy;
			containerPortal = 3CB369052A24904800FFE6D2 /* Project object */;
			proxyType = 1;
			remoteGlobalIDString = 3CB3690C2A24904900FFE6D2;
			remoteInfo = Messenger;
		};
		3CB3692E2A24905200FFE6D2 /* PBXContainerItemProxy */ = {
			isa = PBXContainerItemProxy;
			containerPortal = 3CB369052A24904800FFE6D2 /* Project object */;
			proxyType = 1;
			remoteGlobalIDString = 3CB3690C2A24904900FFE6D2;
			remoteInfo = Messenger;
		};
/* End PBXContainerItemProxy section */

/* Begin PBXFileReference section */
		2F7CC6EA97D2DE5E14B3B81C /* Pods-MessengerTests.debug.xcconfig */ = {isa = PBXFileReference; includeInIndex = 1; lastKnownFileType = text.xcconfig; name = "Pods-MessengerTests.debug.xcconfig"; path = "Target Support Files/Pods-MessengerTests/Pods-MessengerTests.debug.xcconfig"; sourceTree = "<group>"; };
		3CA779CE2A25D8D800DBD59D /* DataBaseManager.swift */ = {isa = PBXFileReference; lastKnownFileType = sourcecode.swift; path = DataBaseManager.swift; sourceTree = "<group>"; };
		3CABAA652A24EB7D005F51B8 /* GoogleService-Info.plist */ = {isa = PBXFileReference; fileEncoding = 4; lastKnownFileType = text.plist.xml; path = "GoogleService-Info.plist"; sourceTree = "<group>"; };
		3CB3690D2A24904900FFE6D2 /* Messenger.app */ = {isa = PBXFileReference; explicitFileType = wrapper.application; includeInIndex = 0; path = Messenger.app; sourceTree = BUILT_PRODUCTS_DIR; };
		3CB369102A24904900FFE6D2 /* AppDelegate.swift */ = {isa = PBXFileReference; lastKnownFileType = sourcecode.swift; path = AppDelegate.swift; sourceTree = "<group>"; };
		3CB369122A24904900FFE6D2 /* SceneDelegate.swift */ = {isa = PBXFileReference; lastKnownFileType = sourcecode.swift; path = SceneDelegate.swift; sourceTree = "<group>"; };
		3CB369142A24904900FFE6D2 /* ConversationViewController.swift */ = {isa = PBXFileReference; lastKnownFileType = sourcecode.swift; path = ConversationViewController.swift; sourceTree = "<group>"; };
		3CB369172A24904900FFE6D2 /* Base */ = {isa = PBXFileReference; lastKnownFileType = file.storyboard; name = Base; path = Base.lproj/Main.storyboard; sourceTree = "<group>"; };
		3CB369192A24905100FFE6D2 /* Assets.xcassets */ = {isa = PBXFileReference; lastKnownFileType = folder.assetcatalog; path = Assets.xcassets; sourceTree = "<group>"; };
		3CB3691C2A24905100FFE6D2 /* Base */ = {isa = PBXFileReference; lastKnownFileType = file.storyboard; name = Base; path = Base.lproj/LaunchScreen.storyboard; sourceTree = "<group>"; };
		3CB3691E2A24905100FFE6D2 /* Info.plist */ = {isa = PBXFileReference; lastKnownFileType = text.plist.xml; path = Info.plist; sourceTree = "<group>"; };
		3CB369232A24905200FFE6D2 /* MessengerTests.xctest */ = {isa = PBXFileReference; explicitFileType = wrapper.cfbundle; includeInIndex = 0; path = MessengerTests.xctest; sourceTree = BUILT_PRODUCTS_DIR; };
		3CB369272A24905200FFE6D2 /* MessengerTests.swift */ = {isa = PBXFileReference; lastKnownFileType = sourcecode.swift; path = MessengerTests.swift; sourceTree = "<group>"; };
		3CB3692D2A24905200FFE6D2 /* MessengerUITests.xctest */ = {isa = PBXFileReference; explicitFileType = wrapper.cfbundle; includeInIndex = 0; path = MessengerUITests.xctest; sourceTree = BUILT_PRODUCTS_DIR; };
		3CB369312A24905200FFE6D2 /* MessengerUITests.swift */ = {isa = PBXFileReference; lastKnownFileType = sourcecode.swift; path = MessengerUITests.swift; sourceTree = "<group>"; };
		3CB369332A24905300FFE6D2 /* MessengerUITestsLaunchTests.swift */ = {isa = PBXFileReference; lastKnownFileType = sourcecode.swift; path = MessengerUITestsLaunchTests.swift; sourceTree = "<group>"; };
		3CB369452A2498C600FFE6D2 /* LoginViewController.swift */ = {isa = PBXFileReference; lastKnownFileType = sourcecode.swift; path = LoginViewController.swift; sourceTree = "<group>"; };
		3CB369472A2498D500FFE6D2 /* RegisterViewController.swift */ = {isa = PBXFileReference; lastKnownFileType = sourcecode.swift; path = RegisterViewController.swift; sourceTree = "<group>"; };
		3CB369492A2498F900FFE6D2 /* PhotoViewerViewController.swift */ = {isa = PBXFileReference; lastKnownFileType = sourcecode.swift; path = PhotoViewerViewController.swift; sourceTree = "<group>"; };
		3CB3694B2A24991200FFE6D2 /* VideoPlayerViewController.swift */ = {isa = PBXFileReference; lastKnownFileType = sourcecode.swift; path = VideoPlayerViewController.swift; sourceTree = "<group>"; };
		3CB3694D2A24993700FFE6D2 /* NewConversationViewController.swift */ = {isa = PBXFileReference; lastKnownFileType = sourcecode.swift; path = NewConversationViewController.swift; sourceTree = "<group>"; };
		3CB3694F2A2499B100FFE6D2 /* ProfileViewController.swift */ = {isa = PBXFileReference; lastKnownFileType = sourcecode.swift; path = ProfileViewController.swift; sourceTree = "<group>"; };
		3CB369522A249E0B00FFE6D2 /* UserPreferences.swift */ = {isa = PBXFileReference; lastKnownFileType = sourcecode.swift; path = UserPreferences.swift; sourceTree = "<group>"; };
		3CB369542A249E2400FFE6D2 /* ConstantEnums.swift */ = {isa = PBXFileReference; lastKnownFileType = sourcecode.swift; path = ConstantEnums.swift; sourceTree = "<group>"; };
		3CB369562A24AD5700FFE6D2 /* Extensions.swift */ = {isa = PBXFileReference; lastKnownFileType = sourcecode.swift; path = Extensions.swift; sourceTree = "<group>"; };
		3CB369582A24B56B00FFE6D2 /* Utility.swift */ = {isa = PBXFileReference; lastKnownFileType = sourcecode.swift; path = Utility.swift; sourceTree = "<group>"; };
		3CB3695B2A24B61D00FFE6D2 /* SyncedColors.plist */ = {isa = PBXFileReference; fileEncoding = 4; lastKnownFileType = text.plist.xml; path = SyncedColors.plist; sourceTree = "<group>"; };
		3CB3695C2A24B61D00FFE6D2 /* SyncedConstants.plist */ = {isa = PBXFileReference; fileEncoding = 4; lastKnownFileType = text.plist.xml; path = SyncedConstants.plist; sourceTree = "<group>"; };
		3CB3695D2A24B61D00FFE6D2 /* SyncedFontStyles.plist */ = {isa = PBXFileReference; fileEncoding = 4; lastKnownFileType = text.plist.xml; path = SyncedFontStyles.plist; sourceTree = "<group>"; };
		3CB3695E2A24B61D00FFE6D2 /* SyncedText.plist */ = {isa = PBXFileReference; fileEncoding = 4; lastKnownFileType = text.plist.xml; path = SyncedText.plist; sourceTree = "<group>"; };
		3CB369602A24B61E00FFE6D2 /* SFUIText-Medium.ttf */ = {isa = PBXFileReference; lastKnownFileType = file; path = "SFUIText-Medium.ttf"; sourceTree = "<group>"; };
		3CB369612A24B61E00FFE6D2 /* HolidayFree.otf */ = {isa = PBXFileReference; lastKnownFileType = file; path = HolidayFree.otf; sourceTree = "<group>"; };
		3CB369622A24B61E00FFE6D2 /* SFUIText-Regular.ttf */ = {isa = PBXFileReference; lastKnownFileType = file; path = "SFUIText-Regular.ttf"; sourceTree = "<group>"; };
		3CB369632A24B61E00FFE6D2 /* SFUIText-Heavy.ttf */ = {isa = PBXFileReference; lastKnownFileType = file; path = "SFUIText-Heavy.ttf"; sourceTree = "<group>"; };
		3CB369642A24B61E00FFE6D2 /* SFUIText-Bold.ttf */ = {isa = PBXFileReference; lastKnownFileType = file; path = "SFUIText-Bold.ttf"; sourceTree = "<group>"; };
		3CB369652A24B61E00FFE6D2 /* SFUIText-Light.ttf */ = {isa = PBXFileReference; lastKnownFileType = file; path = "SFUIText-Light.ttf"; sourceTree = "<group>"; };
		3CB369662A24B61E00FFE6D2 /* SFUIText-Semibold.ttf */ = {isa = PBXFileReference; lastKnownFileType = file; path = "SFUIText-Semibold.ttf"; sourceTree = "<group>"; };
		3CB369672A24B61E00FFE6D2 /* AvenirLTStd-Black.otf */ = {isa = PBXFileReference; lastKnownFileType = file; path = "AvenirLTStd-Black.otf"; sourceTree = "<group>"; };
		3CB369682A24B61E00FFE6D2 /* AvenirLTStd-Book.otf */ = {isa = PBXFileReference; lastKnownFileType = file; path = "AvenirLTStd-Book.otf"; sourceTree = "<group>"; };
		3CB369692A24B61E00FFE6D2 /* SFUIText-LightItalic.ttf */ = {isa = PBXFileReference; lastKnownFileType = file; path = "SFUIText-LightItalic.ttf"; sourceTree = "<group>"; };
		3CB3696A2A24B61E00FFE6D2 /* SFUIText-BoldItalic.ttf */ = {isa = PBXFileReference; lastKnownFileType = file; path = "SFUIText-BoldItalic.ttf"; sourceTree = "<group>"; };
		3CB3696B2A24B61E00FFE6D2 /* SFUIText-MediumItalic.ttf */ = {isa = PBXFileReference; lastKnownFileType = file; path = "SFUIText-MediumItalic.ttf"; sourceTree = "<group>"; };
		3CB3696C2A24B61E00FFE6D2 /* SFUIText-SemiboldItalic.ttf */ = {isa = PBXFileReference; lastKnownFileType = file; path = "SFUIText-SemiboldItalic.ttf"; sourceTree = "<group>"; };
		3CB3696D2A24B61E00FFE6D2 /* SFUIText-HeavyItalic.ttf */ = {isa = PBXFileReference; lastKnownFileType = file; path = "SFUIText-HeavyItalic.ttf"; sourceTree = "<group>"; };
		3CB3696E2A24B61E00FFE6D2 /* AvenirLTStd-Roman.otf */ = {isa = PBXFileReference; lastKnownFileType = file; path = "AvenirLTStd-Roman.otf"; sourceTree = "<group>"; };
		3CB3696F2A24B61E00FFE6D2 /* SFUIText-RegularItalic.ttf */ = {isa = PBXFileReference; lastKnownFileType = file; path = "SFUIText-RegularItalic.ttf"; sourceTree = "<group>"; };
		4F4E7B720C6A04545C299AC0 /* Pods-MessengerTests.release.xcconfig */ = {isa = PBXFileReference; includeInIndex = 1; lastKnownFileType = text.xcconfig; name = "Pods-MessengerTests.release.xcconfig"; path = "Target Support Files/Pods-MessengerTests/Pods-MessengerTests.release.xcconfig"; sourceTree = "<group>"; };
		5D446C933755BE6ED9FD5CB5 /* Pods_Messenger_MessengerUITests.framework */ = {isa = PBXFileReference; explicitFileType = wrapper.framework; includeInIndex = 0; path = Pods_Messenger_MessengerUITests.framework; sourceTree = BUILT_PRODUCTS_DIR; };
		66262793E86545E1597B1029 /* Pods-Messenger-MessengerUITests.release.xcconfig */ = {isa = PBXFileReference; includeInIndex = 1; lastKnownFileType = text.xcconfig; name = "Pods-Messenger-MessengerUITests.release.xcconfig"; path = "Target Support Files/Pods-Messenger-MessengerUITests/Pods-Messenger-MessengerUITests.release.xcconfig"; sourceTree = "<group>"; };
		807A49C84A9CAAF190242318 /* Pods_MessengerTests.framework */ = {isa = PBXFileReference; explicitFileType = wrapper.framework; includeInIndex = 0; path = Pods_MessengerTests.framework; sourceTree = BUILT_PRODUCTS_DIR; };
		A696942BE8F9E849471A5144 /* Pods-Messenger.debug.xcconfig */ = {isa = PBXFileReference; includeInIndex = 1; lastKnownFileType = text.xcconfig; name = "Pods-Messenger.debug.xcconfig"; path = "Target Support Files/Pods-Messenger/Pods-Messenger.debug.xcconfig"; sourceTree = "<group>"; };
		A7E8051B354C2351995BEE7D /* Pods_Messenger.framework */ = {isa = PBXFileReference; explicitFileType = wrapper.framework; includeInIndex = 0; path = Pods_Messenger.framework; sourceTree = BUILT_PRODUCTS_DIR; };
		E70DC8555507968BEDCAB16B /* Pods-Messenger.release.xcconfig */ = {isa = PBXFileReference; includeInIndex = 1; lastKnownFileType = text.xcconfig; name = "Pods-Messenger.release.xcconfig"; path = "Target Support Files/Pods-Messenger/Pods-Messenger.release.xcconfig"; sourceTree = "<group>"; };
		F3634F17C645FECFBC3714AD /* Pods-Messenger-MessengerUITests.debug.xcconfig */ = {isa = PBXFileReference; includeInIndex = 1; lastKnownFileType = text.xcconfig; name = "Pods-Messenger-MessengerUITests.debug.xcconfig"; path = "Target Support Files/Pods-Messenger-MessengerUITests/Pods-Messenger-MessengerUITests.debug.xcconfig"; sourceTree = "<group>"; };
/* End PBXFileReference section */

/* Begin PBXFrameworksBuildPhase section */
		3CB3690A2A24904900FFE6D2 /* Frameworks */ = {
			isa = PBXFrameworksBuildPhase;
			buildActionMask = 2147483647;
			files = (
				EFEF465C98B678FEF65FC244 /* Pods_Messenger.framework in Frameworks */,
			);
			runOnlyForDeploymentPostprocessing = 0;
		};
		3CB369202A24905200FFE6D2 /* Frameworks */ = {
			isa = PBXFrameworksBuildPhase;
			buildActionMask = 2147483647;
			files = (
				6101DB6F2970D792CFB9E3A2 /* Pods_MessengerTests.framework in Frameworks */,
			);
			runOnlyForDeploymentPostprocessing = 0;
		};
		3CB3692A2A24905200FFE6D2 /* Frameworks */ = {
			isa = PBXFrameworksBuildPhase;
			buildActionMask = 2147483647;
			files = (
				611DE52FEC4445C6B5946CAB /* Pods_Messenger_MessengerUITests.framework in Frameworks */,
			);
			runOnlyForDeploymentPostprocessing = 0;
		};
/* End PBXFrameworksBuildPhase section */

/* Begin PBXGroup section */
		3CB369042A24904800FFE6D2 = {
			isa = PBXGroup;
			children = (
				3CB3690F2A24904900FFE6D2 /* Messenger */,
				3CB369262A24905200FFE6D2 /* MessengerTests */,
				3CB369302A24905200FFE6D2 /* MessengerUITests */,
				3CB3690E2A24904900FFE6D2 /* Products */,
				8A192F5A4B8D3CF3F36BC2E5 /* Pods */,
				7FAB801AB8315601A6199313 /* Frameworks */,
			);
			sourceTree = "<group>";
		};
		3CB3690E2A24904900FFE6D2 /* Products */ = {
			isa = PBXGroup;
			children = (
				3CB3690D2A24904900FFE6D2 /* Messenger.app */,
				3CB369232A24905200FFE6D2 /* MessengerTests.xctest */,
				3CB3692D2A24905200FFE6D2 /* MessengerUITests.xctest */,
			);
			name = Products;
			sourceTree = "<group>";
		};
		3CB3690F2A24904900FFE6D2 /* Messenger */ = {
			isa = PBXGroup;
			children = (
				3CB369102A24904900FFE6D2 /* AppDelegate.swift */,
				3CB369122A24904900FFE6D2 /* SceneDelegate.swift */,
				3CB369512A249DE300FFE6D2 /* Helpers N Utility */,
				3CB369432A24951100FFE6D2 /* Resources */,
				3CB369422A24950900FFE6D2 /* Views */,
				3CB369402A2494F200FFE6D2 /* Controllers */,
				3CB369412A24950000FFE6D2 /* Model */,
				3CB3691E2A24905100FFE6D2 /* Info.plist */,
				3CABAA652A24EB7D005F51B8 /* GoogleService-Info.plist */,
			);
			path = Messenger;
			sourceTree = "<group>";
		};
		3CB369262A24905200FFE6D2 /* MessengerTests */ = {
			isa = PBXGroup;
			children = (
				3CB369272A24905200FFE6D2 /* MessengerTests.swift */,
			);
			path = MessengerTests;
			sourceTree = "<group>";
		};
		3CB369302A24905200FFE6D2 /* MessengerUITests */ = {
			isa = PBXGroup;
			children = (
				3CB369312A24905200FFE6D2 /* MessengerUITests.swift */,
				3CB369332A24905300FFE6D2 /* MessengerUITestsLaunchTests.swift */,
			);
			path = MessengerUITests;
			sourceTree = "<group>";
		};
		3CB369402A2494F200FFE6D2 /* Controllers */ = {
			isa = PBXGroup;
			children = (
				3CB369842A24C98E00FFE6D2 /* Login */,
				3CB369142A24904900FFE6D2 /* ConversationViewController.swift */,
				3CB369492A2498F900FFE6D2 /* PhotoViewerViewController.swift */,
				3CB3694B2A24991200FFE6D2 /* VideoPlayerViewController.swift */,
				3CB3694D2A24993700FFE6D2 /* NewConversationViewController.swift */,
				3CB3694F2A2499B100FFE6D2 /* ProfileViewController.swift */,
			);
			path = Controllers;
			sourceTree = "<group>";
		};
		3CB369412A24950000FFE6D2 /* Model */ = {
			isa = PBXGroup;
			children = (
			);
			path = Model;
			sourceTree = "<group>";
		};
		3CB369422A24950900FFE6D2 /* Views */ = {
			isa = PBXGroup;
			children = (
				3CB369442A24952300FFE6D2 /* StoryBoard */,
			);
			path = Views;
			sourceTree = "<group>";
		};
		3CB369432A24951100FFE6D2 /* Resources */ = {
			isa = PBXGroup;
			children = (
				3CB3695F2A24B61E00FFE6D2 /* Fonts */,
				3CB3695A2A24B61D00FFE6D2 /* SyncedPlist */,
				3CB369192A24905100FFE6D2 /* Assets.xcassets */,
			);
			path = Resources;
			sourceTree = "<group>";
		};
		3CB369442A24952300FFE6D2 /* StoryBoard */ = {
			isa = PBXGroup;
			children = (
				3CB369162A24904900FFE6D2 /* Main.storyboard */,
				3CB3691B2A24905100FFE6D2 /* LaunchScreen.storyboard */,
			);
			path = StoryBoard;
			sourceTree = "<group>";
		};
		3CB369512A249DE300FFE6D2 /* Helpers N Utility */ = {
			isa = PBXGroup;
			children = (
				3CB369522A249E0B00FFE6D2 /* UserPreferences.swift */,
				3CB369542A249E2400FFE6D2 /* ConstantEnums.swift */,
				3CB369562A24AD5700FFE6D2 /* Extensions.swift */,
				3CB369582A24B56B00FFE6D2 /* Utility.swift */,
				3CA779CE2A25D8D800DBD59D /* DataBaseManager.swift */,
			);
			path = "Helpers N Utility";
			sourceTree = "<group>";
		};
		3CB3695A2A24B61D00FFE6D2 /* SyncedPlist */ = {
			isa = PBXGroup;
			children = (
				3CB3695B2A24B61D00FFE6D2 /* SyncedColors.plist */,
				3CB3695C2A24B61D00FFE6D2 /* SyncedConstants.plist */,
				3CB3695D2A24B61D00FFE6D2 /* SyncedFontStyles.plist */,
				3CB3695E2A24B61D00FFE6D2 /* SyncedText.plist */,
			);
			path = SyncedPlist;
			sourceTree = "<group>";
		};
		3CB3695F2A24B61E00FFE6D2 /* Fonts */ = {
			isa = PBXGroup;
			children = (
				3CB369602A24B61E00FFE6D2 /* SFUIText-Medium.ttf */,
				3CB369612A24B61E00FFE6D2 /* HolidayFree.otf */,
				3CB369622A24B61E00FFE6D2 /* SFUIText-Regular.ttf */,
				3CB369632A24B61E00FFE6D2 /* SFUIText-Heavy.ttf */,
				3CB369642A24B61E00FFE6D2 /* SFUIText-Bold.ttf */,
				3CB369652A24B61E00FFE6D2 /* SFUIText-Light.ttf */,
				3CB369662A24B61E00FFE6D2 /* SFUIText-Semibold.ttf */,
				3CB369672A24B61E00FFE6D2 /* AvenirLTStd-Black.otf */,
				3CB369682A24B61E00FFE6D2 /* AvenirLTStd-Book.otf */,
				3CB369692A24B61E00FFE6D2 /* SFUIText-LightItalic.ttf */,
				3CB3696A2A24B61E00FFE6D2 /* SFUIText-BoldItalic.ttf */,
				3CB3696B2A24B61E00FFE6D2 /* SFUIText-MediumItalic.ttf */,
				3CB3696C2A24B61E00FFE6D2 /* SFUIText-SemiboldItalic.ttf */,
				3CB3696D2A24B61E00FFE6D2 /* SFUIText-HeavyItalic.ttf */,
				3CB3696E2A24B61E00FFE6D2 /* AvenirLTStd-Roman.otf */,
				3CB3696F2A24B61E00FFE6D2 /* SFUIText-RegularItalic.ttf */,
			);
			path = Fonts;
			sourceTree = "<group>";
		};
		3CB369842A24C98E00FFE6D2 /* Login */ = {
			isa = PBXGroup;
			children = (
				3CB369452A2498C600FFE6D2 /* LoginViewController.swift */,
				3CB369472A2498D500FFE6D2 /* RegisterViewController.swift */,
			);
			path = Login;
			sourceTree = "<group>";
		};
		7FAB801AB8315601A6199313 /* Frameworks */ = {
			isa = PBXGroup;
			children = (
				A7E8051B354C2351995BEE7D /* Pods_Messenger.framework */,
				5D446C933755BE6ED9FD5CB5 /* Pods_Messenger_MessengerUITests.framework */,
				807A49C84A9CAAF190242318 /* Pods_MessengerTests.framework */,
			);
			name = Frameworks;
			sourceTree = "<group>";
		};
		8A192F5A4B8D3CF3F36BC2E5 /* Pods */ = {
			isa = PBXGroup;
			children = (
				A696942BE8F9E849471A5144 /* Pods-Messenger.debug.xcconfig */,
				E70DC8555507968BEDCAB16B /* Pods-Messenger.release.xcconfig */,
				F3634F17C645FECFBC3714AD /* Pods-Messenger-MessengerUITests.debug.xcconfig */,
				66262793E86545E1597B1029 /* Pods-Messenger-MessengerUITests.release.xcconfig */,
				2F7CC6EA97D2DE5E14B3B81C /* Pods-MessengerTests.debug.xcconfig */,
				4F4E7B720C6A04545C299AC0 /* Pods-MessengerTests.release.xcconfig */,
			);
			path = Pods;
			sourceTree = "<group>";
		};
/* End PBXGroup section */

/* Begin PBXNativeTarget section */
		3CB3690C2A24904900FFE6D2 /* Messenger */ = {
			isa = PBXNativeTarget;
			buildConfigurationList = 3CB369372A24905300FFE6D2 /* Build configuration list for PBXNativeTarget "Messenger" */;
			buildPhases = (
				3513000D19895E6782CFD5CC /* [CP] Check Pods Manifest.lock */,
				3CB369092A24904900FFE6D2 /* Sources */,
				3CB3690A2A24904900FFE6D2 /* Frameworks */,
				3CB3690B2A24904900FFE6D2 /* Resources */,
				A82D0EE62220621E4D1BFF32 /* [CP] Embed Pods Frameworks */,
			);
			buildRules = (
			);
			dependencies = (
			);
			name = Messenger;
			productName = Messenger;
			productReference = 3CB3690D2A24904900FFE6D2 /* Messenger.app */;
			productType = "com.apple.product-type.application";
		};
		3CB369222A24905200FFE6D2 /* MessengerTests */ = {
			isa = PBXNativeTarget;
			buildConfigurationList = 3CB3693A2A24905300FFE6D2 /* Build configuration list for PBXNativeTarget "MessengerTests" */;
			buildPhases = (
				6F3F30A10E1819B3FCEF197F /* [CP] Check Pods Manifest.lock */,
				3CB3691F2A24905200FFE6D2 /* Sources */,
				3CB369202A24905200FFE6D2 /* Frameworks */,
				3CB369212A24905200FFE6D2 /* Resources */,
			);
			buildRules = (
			);
			dependencies = (
				3CB369252A24905200FFE6D2 /* PBXTargetDependency */,
			);
			name = MessengerTests;
			productName = MessengerTests;
			productReference = 3CB369232A24905200FFE6D2 /* MessengerTests.xctest */;
			productType = "com.apple.product-type.bundle.unit-test";
		};
		3CB3692C2A24905200FFE6D2 /* MessengerUITests */ = {
			isa = PBXNativeTarget;
			buildConfigurationList = 3CB3693D2A24905300FFE6D2 /* Build configuration list for PBXNativeTarget "MessengerUITests" */;
			buildPhases = (
				FC3164E20809B264EFDF88F5 /* [CP] Check Pods Manifest.lock */,
				3CB369292A24905200FFE6D2 /* Sources */,
				3CB3692A2A24905200FFE6D2 /* Frameworks */,
				3CB3692B2A24905200FFE6D2 /* Resources */,
				0EA9B487010F92D05D6FF2B7 /* [CP] Embed Pods Frameworks */,
			);
			buildRules = (
			);
			dependencies = (
				3CB3692F2A24905200FFE6D2 /* PBXTargetDependency */,
			);
			name = MessengerUITests;
			productName = MessengerUITests;
			productReference = 3CB3692D2A24905200FFE6D2 /* MessengerUITests.xctest */;
			productType = "com.apple.product-type.bundle.ui-testing";
		};
/* End PBXNativeTarget section */

/* Begin PBXProject section */
		3CB369052A24904800FFE6D2 /* Project object */ = {
			isa = PBXProject;
			attributes = {
				BuildIndependentTargetsInParallel = 1;
				LastSwiftUpdateCheck = 1410;
				LastUpgradeCheck = 1410;
				TargetAttributes = {
					3CB3690C2A24904900FFE6D2 = {
						CreatedOnToolsVersion = 14.1;
					};
					3CB369222A24905200FFE6D2 = {
						CreatedOnToolsVersion = 14.1;
						TestTargetID = 3CB3690C2A24904900FFE6D2;
					};
					3CB3692C2A24905200FFE6D2 = {
						CreatedOnToolsVersion = 14.1;
						TestTargetID = 3CB3690C2A24904900FFE6D2;
					};
				};
			};
			buildConfigurationList = 3CB369082A24904800FFE6D2 /* Build configuration list for PBXProject "Messenger" */;
			compatibilityVersion = "Xcode 14.0";
			developmentRegion = en;
			hasScannedForEncodings = 0;
			knownRegions = (
				en,
				Base,
			);
			mainGroup = 3CB369042A24904800FFE6D2;
			productRefGroup = 3CB3690E2A24904900FFE6D2 /* Products */;
			projectDirPath = "";
			projectRoot = "";
			targets = (
				3CB3690C2A24904900FFE6D2 /* Messenger */,
				3CB369222A24905200FFE6D2 /* MessengerTests */,
				3CB3692C2A24905200FFE6D2 /* MessengerUITests */,
			);
		};
/* End PBXProject section */

/* Begin PBXResourcesBuildPhase section */
		3CB3690B2A24904900FFE6D2 /* Resources */ = {
			isa = PBXResourcesBuildPhase;
			buildActionMask = 2147483647;
			files = (
				3CB369752A24B61E00FFE6D2 /* HolidayFree.otf in Resources */,
				3CB369772A24B61E00FFE6D2 /* SFUIText-Heavy.ttf in Resources */,
				3CB369762A24B61E00FFE6D2 /* SFUIText-Regular.ttf in Resources */,
				3CB3697C2A24B61E00FFE6D2 /* AvenirLTStd-Book.otf in Resources */,
				3CB369702A24B61E00FFE6D2 /* SyncedColors.plist in Resources */,
				3CB369742A24B61E00FFE6D2 /* SFUIText-Medium.ttf in Resources */,
				3CB3697A2A24B61E00FFE6D2 /* SFUIText-Semibold.ttf in Resources */,
				3CB3697E2A24B61E00FFE6D2 /* SFUIText-BoldItalic.ttf in Resources */,
				3CB369792A24B61E00FFE6D2 /* SFUIText-Light.ttf in Resources */,
				3CB3691D2A24905100FFE6D2 /* LaunchScreen.storyboard in Resources */,
				3CB3697F2A24B61E00FFE6D2 /* SFUIText-MediumItalic.ttf in Resources */,
				3CB3691A2A24905100FFE6D2 /* Assets.xcassets in Resources */,
				3CB369832A24B61E00FFE6D2 /* SFUIText-RegularItalic.ttf in Resources */,
				3CB369812A24B61E00FFE6D2 /* SFUIText-HeavyItalic.ttf in Resources */,
				3CB369722A24B61E00FFE6D2 /* SyncedFontStyles.plist in Resources */,
				3CB369822A24B61E00FFE6D2 /* AvenirLTStd-Roman.otf in Resources */,
				3CABAA662A24EB7D005F51B8 /* GoogleService-Info.plist in Resources */,
				3CB369802A24B61E00FFE6D2 /* SFUIText-SemiboldItalic.ttf in Resources */,
				3CB369712A24B61E00FFE6D2 /* SyncedConstants.plist in Resources */,
				3CB3697D2A24B61E00FFE6D2 /* SFUIText-LightItalic.ttf in Resources */,
				3CB369732A24B61E00FFE6D2 /* SyncedText.plist in Resources */,
				3CB369182A24904900FFE6D2 /* Main.storyboard in Resources */,
				3CB3697B2A24B61E00FFE6D2 /* AvenirLTStd-Black.otf in Resources */,
				3CB369782A24B61E00FFE6D2 /* SFUIText-Bold.ttf in Resources */,
			);
			runOnlyForDeploymentPostprocessing = 0;
		};
		3CB369212A24905200FFE6D2 /* Resources */ = {
			isa = PBXResourcesBuildPhase;
			buildActionMask = 2147483647;
			files = (
			);
			runOnlyForDeploymentPostprocessing = 0;
		};
		3CB3692B2A24905200FFE6D2 /* Resources */ = {
			isa = PBXResourcesBuildPhase;
			buildActionMask = 2147483647;
			files = (
			);
			runOnlyForDeploymentPostprocessing = 0;
		};
/* End PBXResourcesBuildPhase section */

/* Begin PBXShellScriptBuildPhase section */
		0EA9B487010F92D05D6FF2B7 /* [CP] Embed Pods Frameworks */ = {
			isa = PBXShellScriptBuildPhase;
			buildActionMask = 2147483647;
			files = (
			);
			inputFileListPaths = (
				"${PODS_ROOT}/Target Support Files/Pods-Messenger-MessengerUITests/Pods-Messenger-MessengerUITests-frameworks-${CONFIGURATION}-input-files.xcfilelist",
			);
			name = "[CP] Embed Pods Frameworks";
			outputFileListPaths = (
				"${PODS_ROOT}/Target Support Files/Pods-Messenger-MessengerUITests/Pods-Messenger-MessengerUITests-frameworks-${CONFIGURATION}-output-files.xcfilelist",
			);
			runOnlyForDeploymentPostprocessing = 0;
			shellPath = /bin/sh;
			shellScript = "\"${PODS_ROOT}/Target Support Files/Pods-Messenger-MessengerUITests/Pods-Messenger-MessengerUITests-frameworks.sh\"\n";
			showEnvVarsInLog = 0;
		};
		3513000D19895E6782CFD5CC /* [CP] Check Pods Manifest.lock */ = {
			isa = PBXShellScriptBuildPhase;
			buildActionMask = 2147483647;
			files = (
			);
			inputFileListPaths = (
			);
			inputPaths = (
				"${PODS_PODFILE_DIR_PATH}/Podfile.lock",
				"${PODS_ROOT}/Manifest.lock",
			);
			name = "[CP] Check Pods Manifest.lock";
			outputFileListPaths = (
			);
			outputPaths = (
				"$(DERIVED_FILE_DIR)/Pods-Messenger-checkManifestLockResult.txt",
			);
			runOnlyForDeploymentPostprocessing = 0;
			shellPath = /bin/sh;
			shellScript = "diff \"${PODS_PODFILE_DIR_PATH}/Podfile.lock\" \"${PODS_ROOT}/Manifest.lock\" > /dev/null\nif [ $? != 0 ] ; then\n    # print error to STDERR\n    echo \"error: The sandbox is not in sync with the Podfile.lock. Run 'pod install' or update your CocoaPods installation.\" >&2\n    exit 1\nfi\n# This output is used by Xcode 'outputs' to avoid re-running this script phase.\necho \"SUCCESS\" > \"${SCRIPT_OUTPUT_FILE_0}\"\n";
			showEnvVarsInLog = 0;
		};
		6F3F30A10E1819B3FCEF197F /* [CP] Check Pods Manifest.lock */ = {
			isa = PBXShellScriptBuildPhase;
			buildActionMask = 2147483647;
			files = (
			);
			inputFileListPaths = (
			);
			inputPaths = (
				"${PODS_PODFILE_DIR_PATH}/Podfile.lock",
				"${PODS_ROOT}/Manifest.lock",
			);
			name = "[CP] Check Pods Manifest.lock";
			outputFileListPaths = (
			);
			outputPaths = (
				"$(DERIVED_FILE_DIR)/Pods-MessengerTests-checkManifestLockResult.txt",
			);
			runOnlyForDeploymentPostprocessing = 0;
			shellPath = /bin/sh;
			shellScript = "diff \"${PODS_PODFILE_DIR_PATH}/Podfile.lock\" \"${PODS_ROOT}/Manifest.lock\" > /dev/null\nif [ $? != 0 ] ; then\n    # print error to STDERR\n    echo \"error: The sandbox is not in sync with the Podfile.lock. Run 'pod install' or update your CocoaPods installation.\" >&2\n    exit 1\nfi\n# This output is used by Xcode 'outputs' to avoid re-running this script phase.\necho \"SUCCESS\" > \"${SCRIPT_OUTPUT_FILE_0}\"\n";
			showEnvVarsInLog = 0;
		};
		A82D0EE62220621E4D1BFF32 /* [CP] Embed Pods Frameworks */ = {
			isa = PBXShellScriptBuildPhase;
			buildActionMask = 2147483647;
			files = (
			);
			inputFileListPaths = (
				"${PODS_ROOT}/Target Support Files/Pods-Messenger/Pods-Messenger-frameworks-${CONFIGURATION}-input-files.xcfilelist",
			);
			name = "[CP] Embed Pods Frameworks";
			outputFileListPaths = (
				"${PODS_ROOT}/Target Support Files/Pods-Messenger/Pods-Messenger-frameworks-${CONFIGURATION}-output-files.xcfilelist",
			);
			runOnlyForDeploymentPostprocessing = 0;
			shellPath = /bin/sh;
			shellScript = "\"${PODS_ROOT}/Target Support Files/Pods-Messenger/Pods-Messenger-frameworks.sh\"\n";
			showEnvVarsInLog = 0;
		};
		FC3164E20809B264EFDF88F5 /* [CP] Check Pods Manifest.lock */ = {
			isa = PBXShellScriptBuildPhase;
			buildActionMask = 2147483647;
			files = (
			);
			inputFileListPaths = (
			);
			inputPaths = (
				"${PODS_PODFILE_DIR_PATH}/Podfile.lock",
				"${PODS_ROOT}/Manifest.lock",
			);
			name = "[CP] Check Pods Manifest.lock";
			outputFileListPaths = (
			);
			outputPaths = (
				"$(DERIVED_FILE_DIR)/Pods-Messenger-MessengerUITests-checkManifestLockResult.txt",
			);
			runOnlyForDeploymentPostprocessing = 0;
			shellPath = /bin/sh;
			shellScript = "diff \"${PODS_PODFILE_DIR_PATH}/Podfile.lock\" \"${PODS_ROOT}/Manifest.lock\" > /dev/null\nif [ $? != 0 ] ; then\n    # print error to STDERR\n    echo \"error: The sandbox is not in sync with the Podfile.lock. Run 'pod install' or update your CocoaPods installation.\" >&2\n    exit 1\nfi\n# This output is used by Xcode 'outputs' to avoid re-running this script phase.\necho \"SUCCESS\" > \"${SCRIPT_OUTPUT_FILE_0}\"\n";
			showEnvVarsInLog = 0;
		};
/* End PBXShellScriptBuildPhase section */

/* Begin PBXSourcesBuildPhase section */
		3CB369092A24904900FFE6D2 /* Sources */ = {
			isa = PBXSourcesBuildPhase;
			buildActionMask = 2147483647;
			files = (
				3CB369462A2498C600FFE6D2 /* LoginViewController.swift in Sources */,
				3CB369482A2498D500FFE6D2 /* RegisterViewController.swift in Sources */,
				3CB3694E2A24993700FFE6D2 /* NewConversationViewController.swift in Sources */,
				3CB369152A24904900FFE6D2 /* ConversationViewController.swift in Sources */,
				3CA779CF2A25D8D800DBD59D /* DataBaseManager.swift in Sources */,
				3CB3694C2A24991200FFE6D2 /* VideoPlayerViewController.swift in Sources */,
				3CB369532A249E0B00FFE6D2 /* UserPreferences.swift in Sources */,
				3CB369112A24904900FFE6D2 /* AppDelegate.swift in Sources */,
				3CB369592A24B56B00FFE6D2 /* Utility.swift in Sources */,
				3CB369572A24AD5700FFE6D2 /* Extensions.swift in Sources */,
				3CB369502A2499B100FFE6D2 /* ProfileViewController.swift in Sources */,
				3CB369132A24904900FFE6D2 /* SceneDelegate.swift in Sources */,
				3CB3694A2A2498F900FFE6D2 /* PhotoViewerViewController.swift in Sources */,
				3CB369552A249E2500FFE6D2 /* ConstantEnums.swift in Sources */,
			);
			runOnlyForDeploymentPostprocessing = 0;
		};
		3CB3691F2A24905200FFE6D2 /* Sources */ = {
			isa = PBXSourcesBuildPhase;
			buildActionMask = 2147483647;
			files = (
				3CB369282A24905200FFE6D2 /* MessengerTests.swift in Sources */,
			);
			runOnlyForDeploymentPostprocessing = 0;
		};
		3CB369292A24905200FFE6D2 /* Sources */ = {
			isa = PBXSourcesBuildPhase;
			buildActionMask = 2147483647;
			files = (
				3CB369342A24905300FFE6D2 /* MessengerUITestsLaunchTests.swift in Sources */,
				3CB369322A24905200FFE6D2 /* MessengerUITests.swift in Sources */,
			);
			runOnlyForDeploymentPostprocessing = 0;
		};
/* End PBXSourcesBuildPhase section */

/* Begin PBXTargetDependency section */
		3CB369252A24905200FFE6D2 /* PBXTargetDependency */ = {
			isa = PBXTargetDependency;
			target = 3CB3690C2A24904900FFE6D2 /* Messenger */;
			targetProxy = 3CB369242A24905200FFE6D2 /* PBXContainerItemProxy */;
		};
		3CB3692F2A24905200FFE6D2 /* PBXTargetDependency */ = {
			isa = PBXTargetDependency;
			target = 3CB3690C2A24904900FFE6D2 /* Messenger */;
			targetProxy = 3CB3692E2A24905200FFE6D2 /* PBXContainerItemProxy */;
		};
/* End PBXTargetDependency section */

/* Begin PBXVariantGroup section */
		3CB369162A24904900FFE6D2 /* Main.storyboard */ = {
			isa = PBXVariantGroup;
			children = (
				3CB369172A24904900FFE6D2 /* Base */,
			);
			name = Main.storyboard;
			sourceTree = "<group>";
		};
		3CB3691B2A24905100FFE6D2 /* LaunchScreen.storyboard */ = {
			isa = PBXVariantGroup;
			children = (
				3CB3691C2A24905100FFE6D2 /* Base */,
			);
			name = LaunchScreen.storyboard;
			sourceTree = "<group>";
		};
/* End PBXVariantGroup section */

/* Begin XCBuildConfiguration section */
		3CB369352A24905300FFE6D2 /* Debug */ = {
			isa = XCBuildConfiguration;
			buildSettings = {
				ALWAYS_SEARCH_USER_PATHS = NO;
				CLANG_ANALYZER_NONNULL = YES;
				CLANG_ANALYZER_NUMBER_OBJECT_CONVERSION = YES_AGGRESSIVE;
				CLANG_CXX_LANGUAGE_STANDARD = "gnu++20";
				CLANG_ENABLE_MODULES = YES;
				CLANG_ENABLE_OBJC_ARC = YES;
				CLANG_ENABLE_OBJC_WEAK = YES;
				CLANG_WARN_BLOCK_CAPTURE_AUTORELEASING = YES;
				CLANG_WARN_BOOL_CONVERSION = YES;
				CLANG_WARN_COMMA = YES;
				CLANG_WARN_CONSTANT_CONVERSION = YES;
				CLANG_WARN_DEPRECATED_OBJC_IMPLEMENTATIONS = YES;
				CLANG_WARN_DIRECT_OBJC_ISA_USAGE = YES_ERROR;
				CLANG_WARN_DOCUMENTATION_COMMENTS = YES;
				CLANG_WARN_EMPTY_BODY = YES;
				CLANG_WARN_ENUM_CONVERSION = YES;
				CLANG_WARN_INFINITE_RECURSION = YES;
				CLANG_WARN_INT_CONVERSION = YES;
				CLANG_WARN_NON_LITERAL_NULL_CONVERSION = YES;
				CLANG_WARN_OBJC_IMPLICIT_RETAIN_SELF = YES;
				CLANG_WARN_OBJC_LITERAL_CONVERSION = YES;
				CLANG_WARN_OBJC_ROOT_CLASS = YES_ERROR;
				CLANG_WARN_QUOTED_INCLUDE_IN_FRAMEWORK_HEADER = YES;
				CLANG_WARN_RANGE_LOOP_ANALYSIS = YES;
				CLANG_WARN_STRICT_PROTOTYPES = YES;
				CLANG_WARN_SUSPICIOUS_MOVE = YES;
				CLANG_WARN_UNGUARDED_AVAILABILITY = YES_AGGRESSIVE;
				CLANG_WARN_UNREACHABLE_CODE = YES;
				CLANG_WARN__DUPLICATE_METHOD_MATCH = YES;
				COPY_PHASE_STRIP = NO;
				DEBUG_INFORMATION_FORMAT = dwarf;
				ENABLE_STRICT_OBJC_MSGSEND = YES;
				ENABLE_TESTABILITY = YES;
				GCC_C_LANGUAGE_STANDARD = gnu11;
				GCC_DYNAMIC_NO_PIC = NO;
				GCC_NO_COMMON_BLOCKS = YES;
				GCC_OPTIMIZATION_LEVEL = 0;
				GCC_PREPROCESSOR_DEFINITIONS = (
					"DEBUG=1",
					"$(inherited)",
				);
				GCC_WARN_64_TO_32_BIT_CONVERSION = YES;
				GCC_WARN_ABOUT_RETURN_TYPE = YES_ERROR;
				GCC_WARN_UNDECLARED_SELECTOR = YES;
				GCC_WARN_UNINITIALIZED_AUTOS = YES_AGGRESSIVE;
				GCC_WARN_UNUSED_FUNCTION = YES;
				GCC_WARN_UNUSED_VARIABLE = YES;
				IPHONEOS_DEPLOYMENT_TARGET = 16.1;
				MTL_ENABLE_DEBUG_INFO = INCLUDE_SOURCE;
				MTL_FAST_MATH = YES;
				ONLY_ACTIVE_ARCH = YES;
				SDKROOT = iphoneos;
				SWIFT_ACTIVE_COMPILATION_CONDITIONS = DEBUG;
				SWIFT_OPTIMIZATION_LEVEL = "-Onone";
			};
			name = Debug;
		};
		3CB369362A24905300FFE6D2 /* Release */ = {
			isa = XCBuildConfiguration;
			buildSettings = {
				ALWAYS_SEARCH_USER_PATHS = NO;
				CLANG_ANALYZER_NONNULL = YES;
				CLANG_ANALYZER_NUMBER_OBJECT_CONVERSION = YES_AGGRESSIVE;
				CLANG_CXX_LANGUAGE_STANDARD = "gnu++20";
				CLANG_ENABLE_MODULES = YES;
				CLANG_ENABLE_OBJC_ARC = YES;
				CLANG_ENABLE_OBJC_WEAK = YES;
				CLANG_WARN_BLOCK_CAPTURE_AUTORELEASING = YES;
				CLANG_WARN_BOOL_CONVERSION = YES;
				CLANG_WARN_COMMA = YES;
				CLANG_WARN_CONSTANT_CONVERSION = YES;
				CLANG_WARN_DEPRECATED_OBJC_IMPLEMENTATIONS = YES;
				CLANG_WARN_DIRECT_OBJC_ISA_USAGE = YES_ERROR;
				CLANG_WARN_DOCUMENTATION_COMMENTS = YES;
				CLANG_WARN_EMPTY_BODY = YES;
				CLANG_WARN_ENUM_CONVERSION = YES;
				CLANG_WARN_INFINITE_RECURSION = YES;
				CLANG_WARN_INT_CONVERSION = YES;
				CLANG_WARN_NON_LITERAL_NULL_CONVERSION = YES;
				CLANG_WARN_OBJC_IMPLICIT_RETAIN_SELF = YES;
				CLANG_WARN_OBJC_LITERAL_CONVERSION = YES;
				CLANG_WARN_OBJC_ROOT_CLASS = YES_ERROR;
				CLANG_WARN_QUOTED_INCLUDE_IN_FRAMEWORK_HEADER = YES;
				CLANG_WARN_RANGE_LOOP_ANALYSIS = YES;
				CLANG_WARN_STRICT_PROTOTYPES = YES;
				CLANG_WARN_SUSPICIOUS_MOVE = YES;
				CLANG_WARN_UNGUARDED_AVAILABILITY = YES_AGGRESSIVE;
				CLANG_WARN_UNREACHABLE_CODE = YES;
				CLANG_WARN__DUPLICATE_METHOD_MATCH = YES;
				COPY_PHASE_STRIP = NO;
				DEBUG_INFORMATION_FORMAT = "dwarf-with-dsym";
				ENABLE_NS_ASSERTIONS = NO;
				ENABLE_STRICT_OBJC_MSGSEND = YES;
				GCC_C_LANGUAGE_STANDARD = gnu11;
				GCC_NO_COMMON_BLOCKS = YES;
				GCC_WARN_64_TO_32_BIT_CONVERSION = YES;
				GCC_WARN_ABOUT_RETURN_TYPE = YES_ERROR;
				GCC_WARN_UNDECLARED_SELECTOR = YES;
				GCC_WARN_UNINITIALIZED_AUTOS = YES_AGGRESSIVE;
				GCC_WARN_UNUSED_FUNCTION = YES;
				GCC_WARN_UNUSED_VARIABLE = YES;
				IPHONEOS_DEPLOYMENT_TARGET = 16.1;
				MTL_ENABLE_DEBUG_INFO = NO;
				MTL_FAST_MATH = YES;
				SDKROOT = iphoneos;
				SWIFT_COMPILATION_MODE = wholemodule;
				SWIFT_OPTIMIZATION_LEVEL = "-O";
				VALIDATE_PRODUCT = YES;
			};
			name = Release;
		};
		3CB369382A24905300FFE6D2 /* Debug */ = {
			isa = XCBuildConfiguration;
			baseConfigurationReference = A696942BE8F9E849471A5144 /* Pods-Messenger.debug.xcconfig */;
			buildSettings = {
				ASSETCATALOG_COMPILER_APPICON_NAME = AppIcon;
				ASSETCATALOG_COMPILER_GLOBAL_ACCENT_COLOR_NAME = AccentColor;
				CODE_SIGN_STYLE = Automatic;
				CURRENT_PROJECT_VERSION = 1;
				DEVELOPMENT_TEAM = B8677HC9HV;
				GENERATE_INFOPLIST_FILE = YES;
				INFOPLIST_FILE = Messenger/Info.plist;
				INFOPLIST_KEY_UIApplicationSupportsIndirectInputEvents = YES;
				INFOPLIST_KEY_UILaunchStoryboardName = LaunchScreen;
				INFOPLIST_KEY_UIMainStoryboardFile = Main;
				INFOPLIST_KEY_UISupportedInterfaceOrientations = UIInterfaceOrientationPortrait;
				LD_RUNPATH_SEARCH_PATHS = (
					"$(inherited)",
					"@executable_path/Frameworks",
				);
				MARKETING_VERSION = 1.0;
				PRODUCT_BUNDLE_IDENTIFIER = cubix.com.Messenger;
				PRODUCT_NAME = "$(TARGET_NAME)";
				SWIFT_EMIT_LOC_STRINGS = YES;
				SWIFT_VERSION = 5.0;
				TARGETED_DEVICE_FAMILY = "1,2";
			};
			name = Debug;
		};
		3CB369392A24905300FFE6D2 /* Release */ = {
			isa = XCBuildConfiguration;
			baseConfigurationReference = E70DC8555507968BEDCAB16B /* Pods-Messenger.release.xcconfig */;
			buildSettings = {
				ASSETCATALOG_COMPILER_APPICON_NAME = AppIcon;
				ASSETCATALOG_COMPILER_GLOBAL_ACCENT_COLOR_NAME = AccentColor;
				CODE_SIGN_STYLE = Automatic;
				CURRENT_PROJECT_VERSION = 1;
				DEVELOPMENT_TEAM = B8677HC9HV;
				GENERATE_INFOPLIST_FILE = YES;
				INFOPLIST_FILE = Messenger/Info.plist;
				INFOPLIST_KEY_UIApplicationSupportsIndirectInputEvents = YES;
				INFOPLIST_KEY_UILaunchStoryboardName = LaunchScreen;
				INFOPLIST_KEY_UIMainStoryboardFile = Main;
				INFOPLIST_KEY_UISupportedInterfaceOrientations = UIInterfaceOrientationPortrait;
				LD_RUNPATH_SEARCH_PATHS = (
					"$(inherited)",
					"@executable_path/Frameworks",
				);
				MARKETING_VERSION = 1.0;
				PRODUCT_BUNDLE_IDENTIFIER = cubix.com.Messenger;
				PRODUCT_NAME = "$(TARGET_NAME)";
				SWIFT_EMIT_LOC_STRINGS = YES;
				SWIFT_VERSION = 5.0;
				TARGETED_DEVICE_FAMILY = "1,2";
			};
			name = Release;
		};
		3CB3693B2A24905300FFE6D2 /* Debug */ = {
			isa = XCBuildConfiguration;
			baseConfigurationReference = 2F7CC6EA97D2DE5E14B3B81C /* Pods-MessengerTests.debug.xcconfig */;
			buildSettings = {
				ALWAYS_EMBED_SWIFT_STANDARD_LIBRARIES = YES;
				BUNDLE_LOADER = "$(TEST_HOST)";
				CODE_SIGN_STYLE = Automatic;
				CURRENT_PROJECT_VERSION = 1;
				DEVELOPMENT_TEAM = B8677HC9HV;
				GENERATE_INFOPLIST_FILE = YES;
				IPHONEOS_DEPLOYMENT_TARGET = 16.1;
				MARKETING_VERSION = 1.0;
				PRODUCT_BUNDLE_IDENTIFIER = cubix.com.MessengerTests;
				PRODUCT_NAME = "$(TARGET_NAME)";
				SWIFT_EMIT_LOC_STRINGS = NO;
				SWIFT_VERSION = 5.0;
				TARGETED_DEVICE_FAMILY = "1,2";
				TEST_HOST = "$(BUILT_PRODUCTS_DIR)/Messenger.app/$(BUNDLE_EXECUTABLE_FOLDER_PATH)/Messenger";
			};
			name = Debug;
		};
		3CB3693C2A24905300FFE6D2 /* Release */ = {
			isa = XCBuildConfiguration;
			baseConfigurationReference = 4F4E7B720C6A04545C299AC0 /* Pods-MessengerTests.release.xcconfig */;
			buildSettings = {
				ALWAYS_EMBED_SWIFT_STANDARD_LIBRARIES = YES;
				BUNDLE_LOADER = "$(TEST_HOST)";
				CODE_SIGN_STYLE = Automatic;
				CURRENT_PROJECT_VERSION = 1;
				DEVELOPMENT_TEAM = B8677HC9HV;
				GENERATE_INFOPLIST_FILE = YES;
				IPHONEOS_DEPLOYMENT_TARGET = 16.1;
				MARKETING_VERSION = 1.0;
				PRODUCT_BUNDLE_IDENTIFIER = cubix.com.MessengerTests;
				PRODUCT_NAME = "$(TARGET_NAME)";
				SWIFT_EMIT_LOC_STRINGS = NO;
				SWIFT_VERSION = 5.0;
				TARGETED_DEVICE_FAMILY = "1,2";
				TEST_HOST = "$(BUILT_PRODUCTS_DIR)/Messenger.app/$(BUNDLE_EXECUTABLE_FOLDER_PATH)/Messenger";
			};
			name = Release;
		};
		3CB3693E2A24905300FFE6D2 /* Debug */ = {
			isa = XCBuildConfiguration;
			baseConfigurationReference = F3634F17C645FECFBC3714AD /* Pods-Messenger-MessengerUITests.debug.xcconfig */;
			buildSettings = {
				ALWAYS_EMBED_SWIFT_STANDARD_LIBRARIES = YES;
				CODE_SIGN_STYLE = Automatic;
				CURRENT_PROJECT_VERSION = 1;
				DEVELOPMENT_TEAM = B8677HC9HV;
				GENERATE_INFOPLIST_FILE = YES;
				MARKETING_VERSION = 1.0;
				PRODUCT_BUNDLE_IDENTIFIER = cubix.com.MessengerUITests;
				PRODUCT_NAME = "$(TARGET_NAME)";
				SWIFT_EMIT_LOC_STRINGS = NO;
				SWIFT_VERSION = 5.0;
				TARGETED_DEVICE_FAMILY = "1,2";
				TEST_TARGET_NAME = Messenger;
			};
			name = Debug;
		};
		3CB3693F2A24905300FFE6D2 /* Release */ = {
			isa = XCBuildConfiguration;
			baseConfigurationReference = 66262793E86545E1597B1029 /* Pods-Messenger-MessengerUITests.release.xcconfig */;
			buildSettings = {
				ALWAYS_EMBED_SWIFT_STANDARD_LIBRARIES = YES;
				CODE_SIGN_STYLE = Automatic;
				CURRENT_PROJECT_VERSION = 1;
				DEVELOPMENT_TEAM = B8677HC9HV;
				GENERATE_INFOPLIST_FILE = YES;
				MARKETING_VERSION = 1.0;
				PRODUCT_BUNDLE_IDENTIFIER = cubix.com.MessengerUITests;
				PRODUCT_NAME = "$(TARGET_NAME)";
				SWIFT_EMIT_LOC_STRINGS = NO;
				SWIFT_VERSION = 5.0;
				TARGETED_DEVICE_FAMILY = "1,2";
				TEST_TARGET_NAME = Messenger;
			};
			name = Release;
		};
/* End XCBuildConfiguration section */

/* Begin XCConfigurationList section */
		3CB369082A24904800FFE6D2 /* Build configuration list for PBXProject "Messenger" */ = {
			isa = XCConfigurationList;
			buildConfigurations = (
				3CB369352A24905300FFE6D2 /* Debug */,
				3CB369362A24905300FFE6D2 /* Release */,
			);
			defaultConfigurationIsVisible = 0;
			defaultConfigurationName = Release;
		};
		3CB369372A24905300FFE6D2 /* Build configuration list for PBXNativeTarget "Messenger" */ = {
			isa = XCConfigurationList;
			buildConfigurations = (
				3CB369382A24905300FFE6D2 /* Debug */,
				3CB369392A24905300FFE6D2 /* Release */,
			);
			defaultConfigurationIsVisible = 0;
			defaultConfigurationName = Release;
		};
		3CB3693A2A24905300FFE6D2 /* Build configuration list for PBXNativeTarget "MessengerTests" */ = {
			isa = XCConfigurationList;
			buildConfigurations = (
				3CB3693B2A24905300FFE6D2 /* Debug */,
				3CB3693C2A24905300FFE6D2 /* Release */,
			);
			defaultConfigurationIsVisible = 0;
			defaultConfigurationName = Release;
		};
		3CB3693D2A24905300FFE6D2 /* Build configuration list for PBXNativeTarget "MessengerUITests" */ = {
			isa = XCConfigurationList;
			buildConfigurations = (
				3CB3693E2A24905300FFE6D2 /* Debug */,
				3CB3693F2A24905300FFE6D2 /* Release */,
			);
			defaultConfigurationIsVisible = 0;
			defaultConfigurationName = Release;
		};
/* End XCConfigurationList section */
	};
	rootObject = 3CB369052A24904800FFE6D2 /* Project object */;
}
